// !$*UTF8*$!
{
	archiveVersion = 1;
	classes = {
	};
	objectVersion = 56;
	objects = {

/* Begin PBXBuildFile section */
		311D8BEA2B31FDEE00903403 /* NotificationsAppApp.swift in Sources */ = {isa = PBXBuildFile; fileRef = 311D8BE92B31FDEE00903403 /* NotificationsAppApp.swift */; };
		311D8BEC2B31FDEE00903403 /* ContentView.swift in Sources */ = {isa = PBXBuildFile; fileRef = 311D8BEB2B31FDEE00903403 /* ContentView.swift */; };
		311D8BEE2B31FDEE00903403 /* Assets.xcassets in Resources */ = {isa = PBXBuildFile; fileRef = 311D8BED2B31FDEE00903403 /* Assets.xcassets */; };
		311D8BF12B31FDEE00903403 /* Preview Assets.xcassets in Resources */ = {isa = PBXBuildFile; fileRef = 311D8BF02B31FDEE00903403 /* Preview Assets.xcassets */; };
		31ADF76D2B329FEA00550FD7 /* NotificationHandler.swift in Sources */ = {isa = PBXBuildFile; fileRef = 31ADF76C2B329FEA00550FD7 /* NotificationHandler.swift */; };
		3536B2962B3969A9006AC275 /* QoutesPage .swift in Sources */ = {isa = PBXBuildFile; fileRef = 3536B2952B3969A9006AC275 /* QoutesPage .swift */; };
		3536B2A92B3987FD006AC275 /* Localizable.strings in Resources */ = {isa = PBXBuildFile; fileRef = 3536B2AB2B3987FD006AC275 /* Localizable.strings */; };
		6A6B34B42B32EC8400CD9E5B /* SplashScreen.swift in Sources */ = {isa = PBXBuildFile; fileRef = 6A6B34B32B32EC8400CD9E5B /* SplashScreen.swift */; };
/* End PBXBuildFile section */

/* Begin PBXFileReference section */
		311D8BE62B31FDEE00903403 /* NotificationsApp.app */ = {isa = PBXFileReference; explicitFileType = wrapper.application; includeInIndex = 0; path = NotificationsApp.app; sourceTree = BUILT_PRODUCTS_DIR; };
		311D8BE92B31FDEE00903403 /* NotificationsAppApp.swift */ = {isa = PBXFileReference; lastKnownFileType = sourcecode.swift; path = NotificationsAppApp.swift; sourceTree = "<group>"; };
		311D8BEB2B31FDEE00903403 /* ContentView.swift */ = {isa = PBXFileReference; lastKnownFileType = sourcecode.swift; path = ContentView.swift; sourceTree = "<group>"; usesTabs = 0; wrapsLines = 1; };
		311D8BED2B31FDEE00903403 /* Assets.xcassets */ = {isa = PBXFileReference; lastKnownFileType = folder.assetcatalog; path = Assets.xcassets; sourceTree = "<group>"; };
		311D8BF02B31FDEE00903403 /* Preview Assets.xcassets */ = {isa = PBXFileReference; lastKnownFileType = folder.assetcatalog; path = "Preview Assets.xcassets"; sourceTree = "<group>"; };
		31ADF76C2B329FEA00550FD7 /* NotificationHandler.swift */ = {isa = PBXFileReference; lastKnownFileType = sourcecode.swift; path = NotificationHandler.swift; sourceTree = "<group>"; };
		3536B2952B3969A9006AC275 /* QoutesPage .swift */ = {isa = PBXFileReference; lastKnownFileType = sourcecode.swift; path = "QoutesPage .swift"; sourceTree = "<group>"; tabWidth = 4; usesTabs = 0; };
		3536B2972B397B30006AC275 /* NotificationsApp.entitlements */ = {isa = PBXFileReference; lastKnownFileType = text.plist.entitlements; path = NotificationsApp.entitlements; sourceTree = "<group>"; };
		3536B2AA2B3987FD006AC275 /* en */ = {isa = PBXFileReference; lastKnownFileType = text.plist.strings; name = en; path = en.lproj/Localizable.strings; sourceTree = "<group>"; };
		3536B2AC2B3987FF006AC275 /* ar */ = {isa = PBXFileReference; lastKnownFileType = text.plist.strings; name = ar; path = ar.lproj/Localizable.strings; sourceTree = "<group>"; };
		6A6B34B32B32EC8400CD9E5B /* SplashScreen.swift */ = {isa = PBXFileReference; lastKnownFileType = sourcecode.swift; path = SplashScreen.swift; sourceTree = "<group>"; };
/* End PBXFileReference section */

/* Begin PBXFrameworksBuildPhase section */
		311D8BE32B31FDEE00903403 /* Frameworks */ = {
			isa = PBXFrameworksBuildPhase;
			buildActionMask = 2147483647;
			files = (
			);
			runOnlyForDeploymentPostprocessing = 0;
		};
/* End PBXFrameworksBuildPhase section */

/* Begin PBXGroup section */
		311D8BDD2B31FDEE00903403 = {
			isa = PBXGroup;
			children = (
				3536B2AB2B3987FD006AC275 /* Localizable.strings */,
				311D8BE82B31FDEE00903403 /* NotificationsApp */,
				311D8BE72B31FDEE00903403 /* Products */,
			);
			sourceTree = "<group>";
		};
		311D8BE72B31FDEE00903403 /* Products */ = {
			isa = PBXGroup;
			children = (
				311D8BE62B31FDEE00903403 /* NotificationsApp.app */,
			);
			name = Products;
			sourceTree = "<group>";
		};
		311D8BE82B31FDEE00903403 /* NotificationsApp */ = {
			isa = PBXGroup;
			children = (
				3536B2972B397B30006AC275 /* NotificationsApp.entitlements */,
				31ADF76B2B329FAC00550FD7 /* Handlers */,
				311D8BE92B31FDEE00903403 /* NotificationsAppApp.swift */,
				311D8BEB2B31FDEE00903403 /* ContentView.swift */,
				3536B2952B3969A9006AC275 /* QoutesPage .swift */,
				311D8BED2B31FDEE00903403 /* Assets.xcassets */,
				311D8BEF2B31FDEE00903403 /* Preview Content */,
			);
			path = NotificationsApp;
			sourceTree = "<group>";
		};
		311D8BEF2B31FDEE00903403 /* Preview Content */ = {
			isa = PBXGroup;
			children = (
				311D8BF02B31FDEE00903403 /* Preview Assets.xcassets */,
			);
			path = "Preview Content";
			sourceTree = "<group>";
		};
		31ADF76B2B329FAC00550FD7 /* Handlers */ = {
			isa = PBXGroup;
			children = (
				31ADF76C2B329FEA00550FD7 /* NotificationHandler.swift */,
				6A6B34B32B32EC8400CD9E5B /* SplashScreen.swift */,
			);
			path = Handlers;
			sourceTree = "<group>";
		};
/* End PBXGroup section */

/* Begin PBXNativeTarget section */
		311D8BE52B31FDEE00903403 /* NotificationsApp */ = {
			isa = PBXNativeTarget;
			buildConfigurationList = 311D8BF42B31FDEE00903403 /* Build configuration list for PBXNativeTarget "NotificationsApp" */;
			buildPhases = (
				311D8BE22B31FDEE00903403 /* Sources */,
				311D8BE32B31FDEE00903403 /* Frameworks */,
				311D8BE42B31FDEE00903403 /* Resources */,
			);
			buildRules = (
			);
			dependencies = (
			);
			name = NotificationsApp;
			productName = NotificationsApp;
			productReference = 311D8BE62B31FDEE00903403 /* NotificationsApp.app */;
			productType = "com.apple.product-type.application";
		};
/* End PBXNativeTarget section */

/* Begin PBXProject section */
		311D8BDE2B31FDEE00903403 /* Project object */ = {
			isa = PBXProject;
			attributes = {
				BuildIndependentTargetsInParallel = 1;
				KnownAssetTags = (
					arabic,
				);
				LastSwiftUpdateCheck = 1500;
				LastUpgradeCheck = 1500;
				TargetAttributes = {
					311D8BE52B31FDEE00903403 = {
						CreatedOnToolsVersion = 15.0.1;
					};
				};
			};
			buildConfigurationList = 311D8BE12B31FDEE00903403 /* Build configuration list for PBXProject "NotificationsApp" */;
			compatibilityVersion = "Xcode 14.0";
			developmentRegion = en;
			hasScannedForEncodings = 0;
			knownRegions = (
				en,
				Base,
				ar,
			);
			mainGroup = 311D8BDD2B31FDEE00903403;
			productRefGroup = 311D8BE72B31FDEE00903403 /* Products */;
			projectDirPath = "";
			projectRoot = "";
			targets = (
				311D8BE52B31FDEE00903403 /* NotificationsApp */,
			);
		};
/* End PBXProject section */

/* Begin PBXResourcesBuildPhase section */
		311D8BE42B31FDEE00903403 /* Resources */ = {
			isa = PBXResourcesBuildPhase;
			buildActionMask = 2147483647;
			files = (
				311D8BF12B31FDEE00903403 /* Preview Assets.xcassets in Resources */,
				3536B2A92B3987FD006AC275 /* Localizable.strings in Resources */,
				311D8BEE2B31FDEE00903403 /* Assets.xcassets in Resources */,
			);
			runOnlyForDeploymentPostprocessing = 0;
		};
/* End PBXResourcesBuildPhase section */

/* Begin PBXSourcesBuildPhase section */
		311D8BE22B31FDEE00903403 /* Sources */ = {
			isa = PBXSourcesBuildPhase;
			buildActionMask = 2147483647;
			files = (
				6A6B34B42B32EC8400CD9E5B /* SplashScreen.swift in Sources */,
				311D8BEC2B31FDEE00903403 /* ContentView.swift in Sources */,
				3536B2962B3969A9006AC275 /* QoutesPage .swift in Sources */,
				31ADF76D2B329FEA00550FD7 /* NotificationHandler.swift in Sources */,
				311D8BEA2B31FDEE00903403 /* NotificationsAppApp.swift in Sources */,
			);
			runOnlyForDeploymentPostprocessing = 0;
		};
/* End PBXSourcesBuildPhase section */

/* Begin PBXVariantGroup section */
		3536B2AB2B3987FD006AC275 /* Localizable.strings */ = {
			isa = PBXVariantGroup;
			children = (
				3536B2AA2B3987FD006AC275 /* en */,
				3536B2AC2B3987FF006AC275 /* ar */,
			);
			name = Localizable.strings;
			sourceTree = SOURCE_ROOT;
		};
/* End PBXVariantGroup section */

/* Begin XCBuildConfiguration section */
		311D8BF22B31FDEE00903403 /* Debug */ = {
			isa = XCBuildConfiguration;
			buildSettings = {
				ALWAYS_SEARCH_USER_PATHS = NO;
				ASSETCATALOG_COMPILER_GENERATE_SWIFT_ASSET_SYMBOL_EXTENSIONS = YES;
				CLANG_ANALYZER_NONNULL = YES;
				CLANG_ANALYZER_NUMBER_OBJECT_CONVERSION = YES_AGGRESSIVE;
				CLANG_CXX_LANGUAGE_STANDARD = "gnu++20";
				CLANG_ENABLE_MODULES = YES;
				CLANG_ENABLE_OBJC_ARC = YES;
				CLANG_ENABLE_OBJC_WEAK = YES;
				CLANG_WARN_BLOCK_CAPTURE_AUTORELEASING = YES;
				CLANG_WARN_BOOL_CONVERSION = YES;
				CLANG_WARN_COMMA = YES;
				CLANG_WARN_CONSTANT_CONVERSION = YES;
				CLANG_WARN_DEPRECATED_OBJC_IMPLEMENTATIONS = YES;
				CLANG_WARN_DIRECT_OBJC_ISA_USAGE = YES_ERROR;
				CLANG_WARN_DOCUMENTATION_COMMENTS = YES;
				CLANG_WARN_EMPTY_BODY = YES;
				CLANG_WARN_ENUM_CONVERSION = YES;
				CLANG_WARN_INFINITE_RECURSION = YES;
				CLANG_WARN_INT_CONVERSION = YES;
				CLANG_WARN_NON_LITERAL_NULL_CONVERSION = YES;
				CLANG_WARN_OBJC_IMPLICIT_RETAIN_SELF = YES;
				CLANG_WARN_OBJC_LITERAL_CONVERSION = YES;
				CLANG_WARN_OBJC_ROOT_CLASS = YES_ERROR;
				CLANG_WARN_QUOTED_INCLUDE_IN_FRAMEWORK_HEADER = YES;
				CLANG_WARN_RANGE_LOOP_ANALYSIS = YES;
				CLANG_WARN_STRICT_PROTOTYPES = YES;
				CLANG_WARN_SUSPICIOUS_MOVE = YES;
				CLANG_WARN_UNGUARDED_AVAILABILITY = YES_AGGRESSIVE;
				CLANG_WARN_UNREACHABLE_CODE = YES;
				CLANG_WARN__DUPLICATE_METHOD_MATCH = YES;
				COPY_PHASE_STRIP = NO;
				DEBUG_INFORMATION_FORMAT = dwarf;
				ENABLE_STRICT_OBJC_MSGSEND = YES;
				ENABLE_TESTABILITY = YES;
				ENABLE_USER_SCRIPT_SANDBOXING = YES;
				GCC_C_LANGUAGE_STANDARD = gnu17;
				GCC_DYNAMIC_NO_PIC = NO;
				GCC_NO_COMMON_BLOCKS = YES;
				GCC_OPTIMIZATION_LEVEL = 0;
				GCC_PREPROCESSOR_DEFINITIONS = (
					"DEBUG=1",
					"$(inherited)",
				);
				GCC_WARN_64_TO_32_BIT_CONVERSION = YES;
				GCC_WARN_ABOUT_RETURN_TYPE = YES_ERROR;
				GCC_WARN_UNDECLARED_SELECTOR = YES;
				GCC_WARN_UNINITIALIZED_AUTOS = YES_AGGRESSIVE;
				GCC_WARN_UNUSED_FUNCTION = YES;
				GCC_WARN_UNUSED_VARIABLE = YES;
				IPHONEOS_DEPLOYMENT_TARGET = 17.0;
				LOCALIZATION_PREFERS_STRING_CATALOGS = YES;
				MTL_ENABLE_DEBUG_INFO = INCLUDE_SOURCE;
				MTL_FAST_MATH = YES;
				ONLY_ACTIVE_ARCH = YES;
				SDKROOT = iphoneos;
				SWIFT_ACTIVE_COMPILATION_CONDITIONS = "DEBUG $(inherited)";
				SWIFT_OPTIMIZATION_LEVEL = "-Onone";
			};
			name = Debug;
		};
		311D8BF32B31FDEE00903403 /* Release */ = {
			isa = XCBuildConfiguration;
			buildSettings = {
				ALWAYS_SEARCH_USER_PATHS = NO;
				ASSETCATALOG_COMPILER_GENERATE_SWIFT_ASSET_SYMBOL_EXTENSIONS = YES;
				CLANG_ANALYZER_NONNULL = YES;
				CLANG_ANALYZER_NUMBER_OBJECT_CONVERSION = YES_AGGRESSIVE;
				CLANG_CXX_LANGUAGE_STANDARD = "gnu++20";
				CLANG_ENABLE_MODULES = YES;
				CLANG_ENABLE_OBJC_ARC = YES;
				CLANG_ENABLE_OBJC_WEAK = YES;
				CLANG_WARN_BLOCK_CAPTURE_AUTORELEASING = YES;
				CLANG_WARN_BOOL_CONVERSION = YES;
				CLANG_WARN_COMMA = YES;
				CLANG_WARN_CONSTANT_CONVERSION = YES;
				CLANG_WARN_DEPRECATED_OBJC_IMPLEMENTATIONS = YES;
				CLANG_WARN_DIRECT_OBJC_ISA_USAGE = YES_ERROR;
				CLANG_WARN_DOCUMENTATION_COMMENTS = YES;
				CLANG_WARN_EMPTY_BODY = YES;
				CLANG_WARN_ENUM_CONVERSION = YES;
				CLANG_WARN_INFINITE_RECURSION = YES;
				CLANG_WARN_INT_CONVERSION = YES;
				CLANG_WARN_NON_LITERAL_NULL_CONVERSION = YES;
				CLANG_WARN_OBJC_IMPLICIT_RETAIN_SELF = YES;
				CLANG_WARN_OBJC_LITERAL_CONVERSION = YES;
				CLANG_WARN_OBJC_ROOT_CLASS = YES_ERROR;
				CLANG_WARN_QUOTED_INCLUDE_IN_FRAMEWORK_HEADER = YES;
				CLANG_WARN_RANGE_LOOP_ANALYSIS = YES;
				CLANG_WARN_STRICT_PROTOTYPES = YES;
				CLANG_WARN_SUSPICIOUS_MOVE = YES;
				CLANG_WARN_UNGUARDED_AVAILABILITY = YES_AGGRESSIVE;
				CLANG_WARN_UNREACHABLE_CODE = YES;
				CLANG_WARN__DUPLICATE_METHOD_MATCH = YES;
				COPY_PHASE_STRIP = NO;
				DEBUG_INFORMATION_FORMAT = "dwarf-with-dsym";
				ENABLE_NS_ASSERTIONS = NO;
				ENABLE_STRICT_OBJC_MSGSEND = YES;
				ENABLE_USER_SCRIPT_SANDBOXING = YES;
				GCC_C_LANGUAGE_STANDARD = gnu17;
				GCC_NO_COMMON_BLOCKS = YES;
				GCC_WARN_64_TO_32_BIT_CONVERSION = YES;
				GCC_WARN_ABOUT_RETURN_TYPE = YES_ERROR;
				GCC_WARN_UNDECLARED_SELECTOR = YES;
				GCC_WARN_UNINITIALIZED_AUTOS = YES_AGGRESSIVE;
				GCC_WARN_UNUSED_FUNCTION = YES;
				GCC_WARN_UNUSED_VARIABLE = YES;
				IPHONEOS_DEPLOYMENT_TARGET = 17.0;
				LOCALIZATION_PREFERS_STRING_CATALOGS = YES;
				MTL_ENABLE_DEBUG_INFO = NO;
				MTL_FAST_MATH = YES;
				SDKROOT = iphoneos;
				SWIFT_COMPILATION_MODE = wholemodule;
				VALIDATE_PRODUCT = YES;
			};
			name = Release;
		};
		311D8BF52B31FDEE00903403 /* Debug */ = {
			isa = XCBuildConfiguration;
			buildSettings = {
				ASSETCATALOG_COMPILER_APPICON_NAME = AppIcon;
				ASSETCATALOG_COMPILER_GLOBAL_ACCENT_COLOR_NAME = AccentColor;
				CODE_SIGN_ENTITLEMENTS = NotificationsApp/NotificationsApp.entitlements;
				CODE_SIGN_STYLE = Automatic;
				CURRENT_PROJECT_VERSION = 1;
				DEVELOPMENT_ASSET_PATHS = "\"NotificationsApp/Preview Content\"";
				DEVELOPMENT_TEAM = Y45AGL4RGX;
				ENABLE_PREVIEWS = YES;
				GENERATE_INFOPLIST_FILE = YES;
				INFOPLIST_KEY_UIApplicationSceneManifest_Generation = YES;
				INFOPLIST_KEY_UIApplicationSupportsIndirectInputEvents = YES;
				INFOPLIST_KEY_UILaunchScreen_Generation = YES;
				INFOPLIST_KEY_UISupportedInterfaceOrientations_iPad = "UIInterfaceOrientationPortrait UIInterfaceOrientationPortraitUpsideDown UIInterfaceOrientationLandscapeLeft UIInterfaceOrientationLandscapeRight";
				INFOPLIST_KEY_UISupportedInterfaceOrientations_iPhone = "UIInterfaceOrientationPortrait UIInterfaceOrientationLandscapeLeft UIInterfaceOrientationLandscapeRight";
				LD_RUNPATH_SEARCH_PATHS = (
					"$(inherited)",
					"@executable_path/Frameworks",
				);
				MARKETING_VERSION = 1.0;
				PRODUCT_BUNDLE_IDENTIFIER = HaffezApp;
				PRODUCT_NAME = "$(TARGET_NAME)";
				SWIFT_EMIT_LOC_STRINGS = YES;
				SWIFT_VERSION = 5.0;
				TARGETED_DEVICE_FAMILY = "1,2";
			};
			name = Debug;
		};
		311D8BF62B31FDEE00903403 /* Release */ = {
			isa = XCBuildConfiguration;
			buildSettings = {
				ASSETCATALOG_COMPILER_APPICON_NAME = AppIcon;
				ASSETCATALOG_COMPILER_GLOBAL_ACCENT_COLOR_NAME = AccentColor;
				CODE_SIGN_ENTITLEMENTS = NotificationsApp/NotificationsApp.entitlements;
				CODE_SIGN_STYLE = Automatic;
				CURRENT_PROJECT_VERSION = 1;
				DEVELOPMENT_ASSET_PATHS = "\"NotificationsApp/Preview Content\"";
				DEVELOPMENT_TEAM = Y45AGL4RGX;
				ENABLE_PREVIEWS = YES;
				GENERATE_INFOPLIST_FILE = YES;
				INFOPLIST_KEY_UIApplicationSceneManifest_Generation = YES;
				INFOPLIST_KEY_UIApplicationSupportsIndirectInputEvents = YES;
				INFOPLIST_KEY_UILaunchScreen_Generation = YES;
				INFOPLIST_KEY_UISupportedInterfaceOrientations_iPad = "UIInterfaceOrientationPortrait UIInterfaceOrientationPortraitUpsideDown UIInterfaceOrientationLandscapeLeft UIInterfaceOrientationLandscapeRight";
				INFOPLIST_KEY_UISupportedInterfaceOrientations_iPhone = "UIInterfaceOrientationPortrait UIInterfaceOrientationLandscapeLeft UIInterfaceOrientationLandscapeRight";
				LD_RUNPATH_SEARCH_PATHS = (
					"$(inherited)",
					"@executable_path/Frameworks",
				);
				MARKETING_VERSION = 1.0;
				PRODUCT_BUNDLE_IDENTIFIER = HaffezApp;
				PRODUCT_NAME = "$(TARGET_NAME)";
				SWIFT_EMIT_LOC_STRINGS = YES;
				SWIFT_VERSION = 5.0;
				TARGETED_DEVICE_FAMILY = "1,2";
			};
			name = Release;
		};
/* End XCBuildConfiguration section */

/* Begin XCConfigurationList section */
		311D8BE12B31FDEE00903403 /* Build configuration list for PBXProject "NotificationsApp" */ = {
			isa = XCConfigurationList;
			buildConfigurations = (
				311D8BF22B31FDEE00903403 /* Debug */,
				311D8BF32B31FDEE00903403 /* Release */,
			);
			defaultConfigurationIsVisible = 0;
			defaultConfigurationName = Release;
		};
		311D8BF42B31FDEE00903403 /* Build configuration list for PBXNativeTarget "NotificationsApp" */ = {
			isa = XCConfigurationList;
			buildConfigurations = (
				311D8BF52B31FDEE00903403 /* Debug */,
				311D8BF62B31FDEE00903403 /* Release */,
			);
			defaultConfigurationIsVisible = 0;
			defaultConfigurationName = Release;
		};
/* End XCConfigurationList section */
	};
	rootObject = 311D8BDE2B31FDEE00903403 /* Project object */;
}
